{
  "name": "trestle",
  "version": "0.1.0",
  "lockfileVersion": 3,
  "requires": true,
  "packages": {
    "": {
      "name": "trestle",
      "version": "0.1.0",
      "license": "MIT",
      "dependencies": {
        "@cosmos.gl/graph": "^3.4.1"
      },
      "bin": {
        "trestle": "bin/trestle.js"
      },
      "devDependencies": {
        "@ladybugdb/core": "^0.19.1",
        "@types/node": "^24.0.0",
        "typescript": "^5.8.0"
      },
      "engines": {
        "node": ">=23.6"
      },
      "peerDependencies": {
        "@ladybugdb/core": ">=0.19.0"
      },
      "peerDependenciesMeta": {
        "@ladybugdb/core": {
          "optional": true
        }
      }
    },
    "node_modules/@cosmos.gl/graph": {
      "version": "3.4.1",
      "resolved": "https://registry.npmjs.org/@cosmos.gl/graph/-/graph-3.4.1.tgz",
      "integrity": "sha512-dPbc2g+Hbu2djVjd7fkMqth8lvcjzFM1/byCbzF45kqkRAx7snMm0zifPR3xFL+THVHfy3x4Ep9uuQgPaxrQDg==",
      "license": "MIT",
      "dependencies": {
        "@luma.gl/core": "~9.3.6",
        "@luma.gl/engine": "~9.3.6",
        "@luma.gl/shadertools": "~9.3.6",
        "@luma.gl/webgl": "~9.3.6",
        "d3-array": "^3.2.0",
        "d3-color": "^3.1.0",
        "d3-drag": "^3.0.0",
        "d3-ease": "^3.0.1",
        "d3-scale": "^4.0.2",
        "d3-selection": "^3.0.0",
        "d3-transition": "^3.0.1",
        "d3-zoom": "^3.0.0",
        "dompurify": "^3.4.13",
        "gl-bench": "^1.0.42",
        "gl-matrix": "^3.4.3",
        "random": "^4.1.0"
      },
      "engines": {
        "node": ">=22.0.0",
        "npm": ">=10.0.0"
      }
    },
    "node_modules/@isaacs/fs-minipass": {
      "version": "4.0.1",
      "resolved": "https://registry.npmjs.org/@isaacs/fs-minipass/-/fs-minipass-4.0.1.tgz",
      "integrity": "sha512-wgm9Ehl2jpeqP3zw/7mo3kRHFp5MEDhqAdwy1fTGkHAwnkGOVsgpvQhL8B5n1qlb01jV3n/bI0ZfZp5lWA1k4w==",
      "dev": true,
      "license": "ISC",
      "dependencies": {
        "minipass": "^7.0.4"
      },
      "engines": {
        "node": ">=18.0.0"
      }
    },
    "node_modules/@ladybugdb/core": {
      "version": "0.19.1",
      "resolved": "https://registry.npmjs.org/@ladybugdb/core/-/core-0.19.1.tgz",
      "integrity": "sha512-8W2g6xUi4jm96fs4EayyMcsvEEtIb8vboZhw9/YG98881cIcmZjmqAN91XGUp4vb8NqoFr3Wp7wcu3dqJk0b7w==",
      "dev": true,
      "hasInstallScript": true,
      "license": "MIT",
      "dependencies": {
        "apache-arrow": "^21.1.0",
        "cmake-js": "^8.0.0",
        "node-addon-api": "^6.0.0"
      },
      "optionalDependencies": {
        "@ladybugdb/core-darwin-arm64": "0.19.1",
        "@ladybugdb/core-darwin-x64": "0.19.1",
        "@ladybugdb/core-linux-arm64": "0.19.1",
        "@ladybugdb/core-linux-x64": "0.19.1",
        "@ladybugdb/core-win32-x64": "0.19.1"
      }
    },
    "node_modules/@ladybugdb/core-darwin-arm64": {
      "version": "0.19.1",
      "resolved": "https://registry.npmjs.org/@ladybugdb/core-darwin-arm64/-/core-darwin-arm64-0.19.1.tgz",
      "integrity": "sha512-VGQs1NThAygMsoOlxud05pqKA9xfUptl55iYkwvW45As5MSI7+M86WN0Pp0VdPEfw8vNQJehrlHR5LvVAuWc2Q==",
      "cpu": [
        "arm64"
      ],
      "dev": true,
      "license": "MIT",
      "optional": true,
      "os": [
        "darwin"
      ]
    },
    "node_modules/@ladybugdb/core-darwin-x64": {
      "version": "0.19.1",
      "resolved": "https://registry.npmjs.org/@ladybugdb/core-darwin-x64/-/core-darwin-x64-0.19.1.tgz",
      "integrity": "sha512-CGfM6ostxDS5jztxwjkXXtxrjMDgsFMRoyr5HZDCFw1+iXC1rIzmK/Y7RIw+KbQ49aPzSmkhBC447mFviBJxoA==",
      "cpu": [
        "x64"
      ],
      "dev": true,
      "license": "MIT",
      "optional": true,
      "os": [
        "darwin"
      ]
    },
    "node_modules/@ladybugdb/core-linux-arm64": {
      "version": "0.19.1",
      "resolved": "https://registry.npmjs.org/@ladybugdb/core-linux-arm64/-/core-linux-arm64-0.19.1.tgz",
      "integrity": "sha512-BZUQwlkvNXENc5GVyXdfRF0Dv9JX8XMlcdMMiB5GKrEhTCpajQ3D58woHPVvn0JEjw7Ms3tHo6kXUAMZKYXIVg==",
      "cpu": [
        "arm64"
      ],
      "dev": true,
      "license": "MIT",
      "optional": true,
      "os": [
        "linux"
      ]
    },
    "node_modules/@ladybugdb/core-linux-x64": {
      "version": "0.19.1",
      "resolved": "https://registry.npmjs.org/@ladybugdb/core-linux-x64/-/core-linux-x64-0.19.1.tgz",
      "integrity": "sha512-LDx+E1UHlmNXSb3F9QmvdBgZGfB3wI/DcrHzfOwXgT3BP8C4ScB2tZdpiYQiuPp8MiSZ9kuuGqos8A4tQKQu8Q==",
      "cpu": [
        "x64"
      ],
      "dev": true,
      "license": "MIT",
      "optional": true,
      "os": [
        "linux"
      ]
    },
    "node_modules/@ladybugdb/core-win32-x64": {
      "version": "0.19.1",
      "resolved": "https://registry.npmjs.org/@ladybugdb/core-win32-x64/-/core-win32-x64-0.19.1.tgz",
      "integrity": "sha512-2spst1g+Z050Fz/5z7Pc6Fuc5dVXLzekOuWW4lP+mEGCL3tkv3QWYxk37DiFy+O9fDFxiWK2f3aauab58/f9kQ==",
      "cpu": [
        "x64"
      ],
      "dev": true,
      "license": "MIT",
      "optional": true,
      "os": [
        "win32"
      ]
    },
    "node_modules/@luma.gl/core": {
      "version": "9.3.6",
      "resolved": "https://registry.npmjs.org/@luma.gl/core/-/core-9.3.6.tgz",
      "integrity": "sha512-eqHnCPh2xHYkdd9rEkiIIkGMixNiJkq1ROrnTob6npvmZNVHXL0ubIw5KueL7rqW0+J1tm+p2+TXZaCmn0sP7Q==",
      "license": "MIT",
      "dependencies": {
        "@math.gl/types": "^4.1.0",
        "@probe.gl/env": "^4.1.1",
        "@probe.gl/log": "^4.1.1",
        "@probe.gl/stats": "^4.1.1",
        "@types/offscreencanvas": "^2019.7.3"
      }
    },
    "node_modules/@luma.gl/engine": {
      "version": "9.3.6",
      "resolved": "https://registry.npmjs.org/@luma.gl/engine/-/engine-9.3.6.tgz",
      "integrity": "sha512-NYTdhn2NaH/MjN8qXCl2ukrT1Ac9iTKu1mgN0wz11XRd1QYnlMNBXswRROD7IZ2PUsBWdmYHc9qE8wKBQqMuIA==",
      "license": "MIT",
      "dependencies": {
        "@math.gl/core": "^4.1.0",
        "@math.gl/types": "^4.1.0",
        "@probe.gl/log": "^4.1.1",
        "@probe.gl/stats": "^4.1.1"
      },
      "peerDependencies": {
        "@luma.gl/core": "~9.3.0",
        "@luma.gl/shadertools": "~9.3.0"
      }
    },
    "node_modules/@luma.gl/shadertools": {
      "version": "9.3.6",
      "resolved": "https://registry.npmjs.org/@luma.gl/shadertools/-/shadertools-9.3.6.tgz",
      "integrity": "sha512-dDuD8lCOkAE1L7hJGZEyZAi7upR1HG3wEEIQ1gCLaTTbJWC7tNtnVz853lqUA+VXgjgS9NiQFFRcosiIZmW4Vg==",
      "license": "MIT",
      "dependencies": {
        "@math.gl/core": "^4.1.0",
        "@math.gl/types": "^4.1.0"
      },
      "peerDependencies": {
        "@luma.gl/core": "~9.3.0"
      }
    },
    "node_modules/@luma.gl/webgl": {
      "version": "9.3.6",
      "resolved": "https://registry.npmjs.org/@luma.gl/webgl/-/webgl-9.3.6.tgz",
      "integrity": "sha512-tGm7FGWPmJKxGZMvkRPRi219x3tKmBxR7Uke09nTp2ujNak/O5V9xPIQ9lUBGTxqAb8U2yjKkXG8j+f/4b2+sw==",
      "license": "MIT",
      "dependencies": {
        "@math.gl/types": "^4.1.0",
        "@probe.gl/env": "^4.1.1"
      },
      "peerDependencies": {
        "@luma.gl/core": "~9.3.0"
      }
    },
    "node_modules/@math.gl/core": {
      "version": "4.1.0",
      "resolved": "https://registry.npmjs.org/@math.gl/core/-/core-4.1.0.tgz",
      "integrity": "sha512-FrdHBCVG3QdrworwrUSzXIaK+/9OCRLscxI2OUy6sLOHyHgBMyfnEGs99/m3KNvs+95BsnQLWklVfpKfQzfwKA==",
      "license": "MIT",
      "dependencies": {
        "@math.gl/types": "4.1.0"
      }
    },
    "node_modules/@math.gl/types": {
      "version": "4.1.0",
      "resolved": "https://registry.npmjs.org/@math.gl/types/-/types-4.1.0.tgz",
      "integrity": "sha512-clYZdHcmRvMzVK5fjeDkQlHUzXQSNdZ7s4xOqC3nJPgz4C/TZkUecTo9YS4PruZqtDda/ag4erndP0MIn40dGA==",
      "license": "MIT"
    },
    "node_modules/@probe.gl/env": {
      "version": "4.1.1",
      "resolved": "https://registry.npmjs.org/@probe.gl/env/-/env-4.1.1.tgz",
      "integrity": "sha512-+68seNDMVsEegRB47pFA/Ws1Fjy8agcFYXxzorKToyPcD6zd+gZ5uhwoLd7TzsSw6Ydns//2KEszWn+EnNHTbA==",
      "license": "MIT"
    },
    "node_modules/@probe.gl/log": {
      "version": "4.1.1",
      "resolved": "https://registry.npmjs.org/@probe.gl/log/-/log-4.1.1.tgz",
      "integrity": "sha512-kcZs9BT44pL7hS1OkRGKYRXI/SN9KejUlPD+BY40DguRLzdC5tLG/28WGMyfKdn/51GT4a0p+0P8xvDn1Ez+Kg==",
      "license": "MIT",
      "dependencies": {
        "@probe.gl/env": "4.1.1"
      }
    },
    "node_modules/@probe.gl/stats": {
      "version": "4.1.1",
      "resolved": "https://registry.npmjs.org/@probe.gl/stats/-/stats-4.1.1.tgz",
      "integrity": "sha512-4VpAyMHOqydSvPlEyHwXaE+AkIdR03nX+Qhlxsk2D/IW4OVmDZgIsvJB1cDzyEEtcfKcnaEbfXeiPgejBceT6g==",
      "license": "MIT"
    },
    "node_modules/@types/node": {
      "version": "24.13.3",
      "resolved": "https://registry.npmjs.org/@types/node/-/node-24.13.3.tgz",
      "integrity": "sha512-Dh8vAsV36ig5wa9OX4pXvMc9D3Veibfw2wix0CUwYODLD8nkj9UsLjASr49nPg+2eKzxhBV+v7L8pXvT4e639Q==",
      "dev": true,
      "license": "MIT",
      "dependencies": {
        "undici-types": "~7.18.0"
      }
    },
    "node_modules/@types/offscreencanvas": {
      "version": "2019.7.3",
      "resolved": "https://registry.npmjs.org/@types/offscreencanvas/-/offscreencanvas-2019.7.3.tgz",
      "integrity": "sha512-ieXiYmgSRXUDeOntE1InxjWyvEelZGP63M+cGuquuRLuIKKT1osnkXjxev9B7d1nXSug5vpunx+gNlbVxMlC9A==",
      "license": "MIT"
    },
    "node_modules/@types/trusted-types": {
      "version": "2.0.7",
      "resolved": "https://registry.npmjs.org/@types/trusted-types/-/trusted-types-2.0.7.tgz",
      "integrity": "sha512-ScaPdn1dQczgbl0QFTeTOmVHFULt394XJgOQNoyVhZ6r2vLnMLJfBPd53SB52T/3G36VI1/g2MZaX0cwDuXsfw==",
      "license": "MIT",
      "optional": true
    },
    "node_modules/ansi-regex": {
      "version": "5.0.1",
      "resolved": "https://registry.npmjs.org/ansi-regex/-/ansi-regex-5.0.1.tgz",
      "integrity": "sha512-quJQXlTSUGL2LH9SUXo8VwsY4soanhgo6LNSm84E1LBcE8s3O0wpdiRzyR9z/ZZJMlMWv37qOOb9pdJlMUEKFQ==",
      "dev": true,
      "license": "MIT",
      "engines": {
        "node": ">=8"
      }
    },
    "node_modules/ansi-styles": {
      "version": "4.3.0",
      "resolved": "https://registry.npmjs.org/ansi-styles/-/ansi-styles-4.3.0.tgz",
      "integrity": "sha512-zbB9rCJAT1rbjiVDb2hqKFHNYLxgtk8NURxZ3IZwD3F6NtxbXZQCnnSi1Lkx+IDohdPlFp222wVALIheZJQSEg==",
      "dev": true,
      "license": "MIT",
      "dependencies": {
        "color-convert": "^2.0.1"
      },
      "engines": {
        "node": ">=8"
      },
      "funding": {
        "url": "https://github.com/chalk/ansi-styles?sponsor=1"
      }
    },
    "node_modules/apache-arrow": {
      "version": "21.2.0",
      "resolved": "https://registry.npmjs.org/apache-arrow/-/apache-arrow-21.2.0.tgz",
      "integrity": "sha512-Hxe6Agq26gQOM954qpzYSllJBPJl+e16U5CkfuMUhLrNba+5nKkttIVlflaovN6oaTratqMGAO8H5u/aNhmHWQ==",
      "dev": true,
      "license": "Apache-2.0",
      "dependencies": {
        "@types/node": "^25.2.0",
        "flatbuffers": "^25.1.24",
        "json-with-bigint": "^3.5.3",
        "tslib": "^2.6.2"
      },
      "bin": {
        "arrow2csv": "bin/arrow2csv.js"
      }
    },
    "node_modules/apache-arrow/node_modules/@types/node": {
      "version": "25.9.5",
      "resolved": "https://registry.npmjs.org/@types/node/-/node-25.9.5.tgz",
      "integrity": "sha512-OScDchr2fwuUmWdf4kZ9h7PcJiYDVInhJizG/biAq3cAvqwYktuy/TYGGdZNMtNTFUP7rnb0NU4TUdm82kt4Rg==",
      "dev": true,
      "license": "MIT",
      "dependencies": {
        "undici-types": ">=7.24.0 <7.24.7"
      }
    },
    "node_modules/apache-arrow/node_modules/undici-types": {
      "version": "7.24.6",
      "resolved": "https://registry.npmjs.org/undici-types/-/undici-types-7.24.6.tgz",
      "integrity": "sha512-WRNW+sJgj5OBN4/0JpHFqtqzhpbnV0GuB+OozA9gCL7a993SmU+1JBZCzLNxYsbMfIeDL+lTsphD5jN5N+n0zg==",
      "dev": true,
      "license": "MIT"
    },
    "node_modules/chownr": {
      "version": "3.0.0",
      "resolved": "https://registry.npmjs.org/chownr/-/chownr-3.0.0.tgz",
      "integrity": "sha512-+IxzY9BZOQd/XuYPRmrvEVjF/nqj5kgT4kEq7VofrDoM1MxoRjEWkrCC3EtLi59TVawxTAn+orJwFQcrqEN1+g==",
      "dev": true,
      "license": "BlueOak-1.0.0",
      "engines": {
        "node": ">=18"
      }
    },
    "node_modules/cliui": {
      "version": "8.0.1",
      "resolved": "https://registry.npmjs.org/cliui/-/cliui-8.0.1.tgz",
      "integrity": "sha512-BSeNnyus75C4//NQ9gQt1/csTXyo/8Sb+afLAkzAptFuMsod9HFokGNudZpi/oQV73hnVK+sR+5PVRMd+Dr7YQ==",
      "dev": true,
      "license": "ISC",
      "dependencies": {
        "string-width": "^4.2.0",
        "strip-ansi": "^6.0.1",
        "wrap-ansi": "^7.0.0"
      },
      "engines": {
        "node": ">=12"
      }
    },
    "node_modules/cmake-js": {
      "version": "8.0.0",
      "resolved": "https://registry.npmjs.org/cmake-js/-/cmake-js-8.0.0.tgz",
      "integrity": "sha512-YbUP88RDwCvoQkZhRtGURYm9RIpWdtvZuhT87fKNoLjk8kIFIFeARpKfuZQGdwfH99GZpUmqSfcDrK62X7lTgg==",
      "dev": true,
      "license": "MIT",
      "dependencies": {
        "debug": "^4.4.3",
        "fs-extra": "^11.3.3",
        "node-api-headers": "^1.8.0",
        "rc": "1.2.8",
        "semver": "^7.7.3",
        "tar": "^7.5.6",
        "url-join": "^4.0.1",
        "which": "^6.0.0",
        "yargs": "^17.7.2"
      },
      "bin": {
        "cmake-js": "bin/cmake-js"
      },
      "engines": {
        "node": "^20.17.0 || >=22.9.0"
      }
    },
    "node_modules/color-convert": {
      "version": "2.0.1",
      "resolved": "https://registry.npmjs.org/color-convert/-/color-convert-2.0.1.tgz",
      "integrity": "sha512-RRECPsj7iu/xb5oKYcsFHSppFNnsj/52OVTRKb4zP5onXwVF3zVmmToNcOfGC+CRDpfK/U584fMg38ZHCaElKQ==",
      "dev": true,
      "license": "MIT",
      "dependencies": {
        "color-name": "~1.1.4"
      },
      "engines": {
        "node": ">=7.0.0"
      }
    },
    "node_modules/color-name": {
      "version": "1.1.4",
      "resolved": "https://registry.npmjs.org/color-name/-/color-name-1.1.4.tgz",
      "integrity": "sha512-dOy+3AuW3a2wNbZHIuMZpTcgjGuLU/uBL/ubcZF9OXbDo8ff4O8yVp5Bf0efS8uEoYo5q4Fx7dY9OgQGXgAsQA==",
      "dev": true,
      "license": "MIT"
    },
    "node_modules/d3-array": {
      "version": "3.2.4",
      "resolved": "https://registry.npmjs.org/d3-array/-/d3-array-3.2.4.tgz",
      "integrity": "sha512-tdQAmyA18i4J7wprpYq8ClcxZy3SC31QMeByyCFyRt7BVHdREQZ5lpzoe5mFEYZUWe+oq8HBvk9JjpibyEV4Jg==",
      "license": "ISC",
      "dependencies": {
        "internmap": "1 - 2"
      },
      "engines": {
        "node": ">=12"
      }
    },
    "node_modules/d3-color": {
      "version": "3.1.0",
      "resolved": "https://registry.npmjs.org/d3-color/-/d3-color-3.1.0.tgz",
      "integrity": "sha512-zg/chbXyeBtMQ1LbD/WSoW2DpC3I0mpmPdW+ynRTj/x2DAWYrIY7qeZIHidozwV24m4iavr15lNwIwLxRmOxhA==",
      "license": "ISC",
      "engines": {
        "node": ">=12"
      }
    },
    "node_modules/d3-dispatch": {
      "version": "3.0.1",
      "resolved": "https://registry.npmjs.org/d3-dispatch/-/d3-dispatch-3.0.1.tgz",
      "integrity": "sha512-rzUyPU/S7rwUflMyLc1ETDeBj0NRuHKKAcvukozwhshr6g6c5d8zh4c2gQjY2bZ0dXeGLWc1PF174P2tVvKhfg==",
      "license": "ISC",
      "engines": {
        "node": ">=12"
      }
    },
    "node_modules/d3-drag": {
      "version": "3.0.0",
      "resolved": "https://registry.npmjs.org/d3-drag/-/d3-drag-3.0.0.tgz",
      "integrity": "sha512-pWbUJLdETVA8lQNJecMxoXfH6x+mO2UQo8rSmZ+QqxcbyA3hfeprFgIT//HW2nlHChWeIIMwS2Fq+gEARkhTkg==",
      "license": "ISC",
      "dependencies": {
        "d3-dispatch": "1 - 3",
        "d3-selection": "3"
      },
      "engines": {
        "node": ">=12"
      }
    },
    "node_modules/d3-ease": {
      "version": "3.0.1",
      "resolved": "https://registry.npmjs.org/d3-ease/-/d3-ease-3.0.1.tgz",
      "integrity": "sha512-wR/XK3D3XcLIZwpbvQwQ5fK+8Ykds1ip7A2Txe0yxncXSdq1L9skcG7blcedkOX+ZcgxGAmLX1FrRGbADwzi0w==",
      "license": "BSD-3-Clause",
      "engines": {
        "node": ">=12"
      }
    },
    "node_modules/d3-format": {
      "version": "3.1.2",
      "resolved": "https://registry.npmjs.org/d3-format/-/d3-format-3.1.2.tgz",
      "integrity": "sha512-AJDdYOdnyRDV5b6ArilzCPPwc1ejkHcoyFarqlPqT7zRYjhavcT3uSrqcMvsgh2CgoPbK3RCwyHaVyxYcP2Arg==",
      "license": "ISC",
      "engines": {
        "node": ">=12"
      }
    },
    "node_modules/d3-interpolate": {
      "version": "3.0.1",
      "resolved": "https://registry.npmjs.org/d3-interpolate/-/d3-interpolate-3.0.1.tgz",
      "integrity": "sha512-3bYs1rOD33uo8aqJfKP3JWPAibgw8Zm2+L9vBKEHJ2Rg+viTR7o5Mmv5mZcieN+FRYaAOWX5SJATX6k1PWz72g==",
      "license": "ISC",
      "dependencies": {
        "d3-color": "1 - 3"
      },
      "engines": {
        "node": ">=12"
      }
    },
    "node_modules/d3-scale": {
      "version": "4.0.2",
      "resolved": "https://registry.npmjs.org/d3-scale/-/d3-scale-4.0.2.tgz",
      "integrity": "sha512-GZW464g1SH7ag3Y7hXjf8RoUuAFIqklOAq3MRl4OaWabTFJY9PN/E1YklhXLh+OQ3fM9yS2nOkCoS+WLZ6kvxQ==",
      "license": "ISC",
      "dependencies": {
        "d3-array": "2.10.0 - 3",
        "d3-format": "1 - 3",
        "d3-interpolate": "1.2.0 - 3",
        "d3-time": "2.1.1 - 3",
        "d3-time-format": "2 - 4"
      },
      "engines": {
        "node": ">=12"
      }
    },
    "node_modules/d3-selection": {
      "version": "3.0.0",
      "resolved": "https://registry.npmjs.org/d3-selection/-/d3-selection-3.0.0.tgz",
      "integrity": "sha512-fmTRWbNMmsmWq6xJV8D19U/gw/bwrHfNXxrIN+HfZgnzqTHp9jOmKMhsTUjXOJnZOdZY9Q28y4yebKzqDKlxlQ==",
      "license": "ISC",
      "engines": {
        "node": ">=12"
      }
    },
    "node_modules/d3-time": {
      "version": "3.1.0",
      "resolved": "https://registry.npmjs.org/d3-time/-/d3-time-3.1.0.tgz",
      "integrity": "sha512-VqKjzBLejbSMT4IgbmVgDjpkYrNWUYJnbCGo874u7MMKIWsILRX+OpX/gTk8MqjpT1A/c6HY2dCA77ZN0lkQ2Q==",
      "license": "ISC",
      "dependencies": {
        "d3-array": "2 - 3"
      },
      "engines": {
        "node": ">=12"
      }
    },
    "node_modules/d3-time-format": {
      "version": "4.1.0",
      "resolved": "https://registry.npmjs.org/d3-time-format/-/d3-time-format-4.1.0.tgz",
      "integrity": "sha512-dJxPBlzC7NugB2PDLwo9Q8JiTR3M3e4/XANkreKSUxF8vvXKqm1Yfq4Q5dl8budlunRVlUUaDUgFt7eA8D6NLg==",
      "license": "ISC",
      "dependencies": {
        "d3-time": "1 - 3"
      },
      "engines": {
        "node": ">=12"
      }
    },
    "node_modules/d3-timer": {
      "version": "3.0.1",
      "resolved": "https://registry.npmjs.org/d3-timer/-/d3-timer-3.0.1.tgz",
      "integrity": "sha512-ndfJ/JxxMd3nw31uyKoY2naivF+r29V+Lc0svZxe1JvvIRmi8hUsrMvdOwgS1o6uBHmiz91geQ0ylPP0aj1VUA==",
      "license": "ISC",
      "engines": {
        "node": ">=12"
      }
    },
    "node_modules/d3-transition": {
      "version": "3.0.1",
      "resolved": "https://registry.npmjs.org/d3-transition/-/d3-transition-3.0.1.tgz",
      "integrity": "sha512-ApKvfjsSR6tg06xrL434C0WydLr7JewBB3V+/39RMHsaXTOG0zmt/OAXeng5M5LBm0ojmxJrpomQVZ1aPvBL4w==",
      "license": "ISC",
      "dependencies": {
        "d3-color": "1 - 3",
        "d3-dispatch": "1 - 3",
        "d3-ease": "1 - 3",
        "d3-interpolate": "1 - 3",
        "d3-timer": "1 - 3"
      },
      "engines": {
        "node": ">=12"
      },
      "peerDependencies": {
        "d3-selection": "2 - 3"
      }
    },
    "node_modules/d3-zoom": {
      "version": "3.0.0",
      "resolved": "https://registry.npmjs.org/d3-zoom/-/d3-zoom-3.0.0.tgz",
      "integrity": "sha512-b8AmV3kfQaqWAuacbPuNbL6vahnOJflOhexLzMMNLga62+/nh0JzvJ0aO/5a5MVgUFGS7Hu1P9P03o3fJkDCyw==",
      "license": "ISC",
      "dependencies": {
        "d3-dispatch": "1 - 3",
        "d3-drag": "2 - 3",
        "d3-interpolate": "1 - 3",
        "d3-selection": "2 - 3",
        "d3-transition": "2 - 3"
      },
      "engines": {
        "node": ">=12"
      }
    },
    "node_modules/debug": {
      "version": "4.4.3",
      "resolved": "https://registry.npmjs.org/debug/-/debug-4.4.3.tgz",
      "integrity": "sha512-RGwwWnwQvkVfavKVt22FGLw+xYSdzARwm0ru6DhTVA3umU5hZc28V3kO4stgYryrTlLpuvgI9GiijltAjNbcqA==",
      "dev": true,
      "license": "MIT",
      "dependencies": {
        "ms": "^2.1.3"
      },
      "engines": {
        "node": ">=6.0"
      },
      "peerDependenciesMeta": {
        "supports-color": {
          "optional": true
        }
      }
    },
    "node_modules/deep-extend": {
      "version": "0.6.0",
      "resolved": "https://registry.npmjs.org/deep-extend/-/deep-extend-0.6.0.tgz",
      "integrity": "sha512-LOHxIOaPYdHlJRtCQfDIVZtfw/ufM8+rVj649RIHzcm/vGwQRXFt6OPqIFWsm2XEMrNIEtWR64sY1LEKD2vAOA==",
      "dev": true,
      "license": "MIT",
      "engines": {
        "node": ">=4.0.0"
      }
    },
    "node_modules/dompurify": {
      "version": "3.4.14",
      "resolved": "https://registry.npmjs.org/dompurify/-/dompurify-3.4.14.tgz",
      "integrity": "sha512-dVoH9z+MY+C9IilgGCk3YfFqjLi3fChm2OiKJMzh6axrJ5qwxqWaZamgmHrpv22CN/KdbZJuGEGgfQoL00LTdg==",
      "license": "(MPL-2.0 OR Apache-2.0)",
      "optionalDependencies": {
        "@types/trusted-types": "^2.0.7"
      }
    },
    "node_modules/emoji-regex": {
      "version": "8.0.0",
      "resolved": "https://registry.npmjs.org/emoji-regex/-/emoji-regex-8.0.0.tgz",
      "integrity": "sha512-MSjYzcWNOA0ewAHpz0MxpYFvwg6yjy1NG3xteoqz644VCo/RPgnr1/GGt+ic3iJTzQ8Eu3TdM14SawnVUmGE6A==",
      "dev": true,
      "license": "MIT"
    },
    "node_modules/escalade": {
      "version": "3.2.0",
      "resolved": "https://registry.npmjs.org/escalade/-/escalade-3.2.0.tgz",
      "integrity": "sha512-WUj2qlxaQtO4g6Pq5c29GTcWGDyd8itL8zTlipgECz3JesAiiOKotd8JU6otB3PACgG6xkJUyVhboMS+bje/jA==",
      "dev": true,
      "license": "MIT",
      "engines": {
        "node": ">=6"
      }
    },
    "node_modules/flatbuffers": {
      "version": "25.9.23",
      "resolved": "https://registry.npmjs.org/flatbuffers/-/flatbuffers-25.9.23.tgz",
      "integrity": "sha512-MI1qs7Lo4Syw0EOzUl0xjs2lsoeqFku44KpngfIduHBYvzm8h2+7K8YMQh1JtVVVrUvhLpNwqVi4DERegUJhPQ==",
      "dev": true,
      "license": "Apache-2.0"
    },
    "node_modules/fs-extra": {
      "version": "11.4.0",
      "resolved": "https://registry.npmjs.org/fs-extra/-/fs-extra-11.4.0.tgz",
      "integrity": "sha512-EQsFzMUJkCKGr1ePqlYADkIUmHW1s3ZXr5Yqy6wbGrfUCphpl2maM/kyOIRA2HpP3AaFQTZXD4ldjek+nccddA==",
      "dev": true,
      "license": "MIT",
      "dependencies": {
        "graceful-fs": "^4.2.0",
        "jsonfile": "^6.0.1",
        "universalify": "^2.0.0"
      },
      "engines": {
        "node": ">=14.14"
      }
    },
    "node_modules/get-caller-file": {
      "version": "2.0.5",
      "resolved": "https://registry.npmjs.org/get-caller-file/-/get-caller-file-2.0.5.tgz",
      "integrity": "sha512-DyFP3BM/3YHTQOCUL/w0OZHR0lpKeGrxotcHWcqNEdnltqFwXVfhEBQ94eIo34AfQpo0rGki4cyIiftY06h2Fg==",
      "dev": true,
      "license": "ISC",
      "engines": {
        "node": "6.* || 8.* || >= 10.*"
      }
    },
    "node_modules/gl-bench": {
      "version": "1.0.42",
      "resolved": "https://registry.npmjs.org/gl-bench/-/gl-bench-1.0.42.tgz",
      "integrity": "sha512-zuMsA/NCPmI8dPy6q3zTUH8OUM5cqKg7uVWwqzrtXJPBqoypM0XeFWEc8iFOqbf/1qtXieWOrbmgFEByKTQt4Q==",
      "license": "MIT"
    },
    "node_modules/gl-matrix": {
      "version": "3.4.4",
      "resolved": "https://registry.npmjs.org/gl-matrix/-/gl-matrix-3.4.4.tgz",
      "integrity": "sha512-latSnyDNt/8zYUB6VIJ6PCh2jBjJX6gnDsoCZ7LyW7GkqrD51EWwa9qCoGixj8YqBtETQK/xY7OmpTF8xz1DdQ==",
      "license": "MIT"
    },
    "node_modules/graceful-fs": {
      "version": "4.2.11",
      "resolved": "https://registry.npmjs.org/graceful-fs/-/graceful-fs-4.2.11.tgz",
      "integrity": "sha512-RbJ5/jmFcNNCcDV5o9eTnBLJ/HszWV0P73bc+Ff4nS/rJj+YaS6IGyiOL0VoBYX+l1Wrl3k63h/KrH+nhJ0XvQ==",
      "dev": true,
      "license": "ISC"
    },
    "node_modules/ini": {
      "version": "1.3.8",
      "resolved": "https://registry.npmjs.org/ini/-/ini-1.3.8.tgz",
      "integrity": "sha512-JV/yugV2uzW5iMRSiZAyDtQd+nxtUnjeLt0acNdw98kKLrvuRVyB80tsREOE7yvGVgalhZ6RNXCmEHkUKBKxew==",
      "dev": true,
      "license": "ISC"
    },
    "node_modules/internmap": {
      "version": "2.0.3",
      "resolved": "https://registry.npmjs.org/internmap/-/internmap-2.0.3.tgz",
      "integrity": "sha512-5Hh7Y1wQbvY5ooGgPbDaL5iYLAPzMTUrjMulskHLH6wnv/A+1q5rgEaiuqEjB+oxGXIVZs1FF+R/KPN3ZSQYYg==",
      "license": "ISC",
      "engines": {
        "node": ">=12"
      }
    },
    "node_modules/is-fullwidth-code-point": {
      "version": "3.0.0",
      "resolved": "https://registry.npmjs.org/is-fullwidth-code-point/-/is-fullwidth-code-point-3.0.0.tgz",
      "integrity": "sha512-zymm5+u+sCsSWyD9qNaejV3DFvhCKclKdizYaJUuHA83RLjb7nSuGnddCHGv0hk+KY7BMAlsWeK4Ueg6EV6XQg==",
      "dev": true,
      "license": "MIT",
      "engines": {
        "node": ">=8"
      }
    },
    "node_modules/isexe": {
      "version": "4.0.0",
      "resolved": "https://registry.npmjs.org/isexe/-/isexe-4.0.0.tgz",
      "integrity": "sha512-FFUtZMpoZ8RqHS3XeXEmHWLA4thH+ZxCv2lOiPIn1Xc7CxrqhWzNSDzD+/chS/zbYezmiwWLdQC09JdQKmthOw==",
      "dev": true,
      "license": "BlueOak-1.0.0",
      "engines": {
        "node": ">=20"
      }
    },
    "node_modules/json-with-bigint": {
      "version": "3.5.12",
      "resolved": "https://registry.npmjs.org/json-with-bigint/-/json-with-bigint-3.5.12.tgz",
      "integrity": "sha512-uwbF/wSSuOgC7qqlq27Xp5B6a2MHVug3t0idZdTqu0JnlFvgJuH7ju+KAk/J06C7GfhoYy2gnb9wz2INqcne7w==",
      "dev": true,
      "license": "MIT"
    },
    "node_modules/jsonfile": {
      "version": "6.2.1",
      "resolved": "https://registry.npmjs.org/jsonfile/-/jsonfile-6.2.1.tgz",
      "integrity": "sha512-zwOTdL3rFQ/lRdBnntKVOX6k5cKJwEc1HdilT71BWEu7J41gXIB2MRp+vxduPSwZJPWBxEzv4yH1wYLJGUHX4Q==",
      "dev": true,
      "license": "MIT",
      "dependencies": {
        "universalify": "^2.0.0"
      },
      "optionalDependencies": {
        "graceful-fs": "^4.1.6"
      }
    },
    "node_modules/minimist": {
      "version": "1.2.8",
      "resolved": "https://registry.npmjs.org/minimist/-/minimist-1.2.8.tgz",
      "integrity": "sha512-2yyAR8qBkN3YuheJanUpWC5U3bb5osDywNB8RzDVlDwDHbocAJveqqj1u8+SVD7jkWT4yvsHCpWqqWqAxb0zCA==",
      "dev": true,
      "license": "MIT",
      "funding": {
        "url": "https://github.com/sponsors/ljharb"
      }
    },
    "node_modules/minipass": {
      "version": "7.1.3",
      "resolved": "https://registry.npmjs.org/minipass/-/minipass-7.1.3.tgz",
      "integrity": "sha512-tEBHqDnIoM/1rXME1zgka9g6Q2lcoCkxHLuc7ODJ5BxbP5d4c2Z5cGgtXAku59200Cx7diuHTOYfSBD8n6mm8A==",
      "dev": true,
      "license": "BlueOak-1.0.0",
      "engines": {
        "node": ">=16 || 14 >=14.17"
      }
    },
    "node_modules/minizlib": {
      "version": "3.1.0",
      "resolved": "https://registry.npmjs.org/minizlib/-/minizlib-3.1.0.tgz",
      "integrity": "sha512-KZxYo1BUkWD2TVFLr0MQoM8vUUigWD3LlD83a/75BqC+4qE0Hb1Vo5v1FgcfaNXvfXzr+5EhQ6ing/CaBijTlw==",
      "dev": true,
      "license": "MIT",
      "dependencies": {
        "minipass": "^7.1.2"
      },
      "engines": {
        "node": ">= 18"
      }
    },
    "node_modules/ms": {
      "version": "2.1.3",
      "resolved": "https://registry.npmjs.org/ms/-/ms-2.1.3.tgz",
      "integrity": "sha512-6FlzubTLZG3J2a/NVCAleEhjzq5oxgHyaCU9yYXvcLsvoVaHJq/s5xXI6/XXP6tz7R9xAOtHnSO/tXtF3WRTlA==",
      "dev": true,
      "license": "MIT"
    },
    "node_modules/node-addon-api": {
      "version": "6.1.0",
      "resolved": "https://registry.npmjs.org/node-addon-api/-/node-addon-api-6.1.0.tgz",
      "integrity": "sha512-+eawOlIgy680F0kBzPUNFhMZGtJ1YmqM6l4+Crf4IkImjYrO/mqPwRMh352g23uIaQKFItcQ64I7KMaJxHgAVA==",
      "dev": true,
      "license": "MIT"
    },
    "node_modules/node-api-headers": {
      "version": "1.9.0",
      "resolved": "https://registry.npmjs.org/node-api-headers/-/node-api-headers-1.9.0.tgz",
      "integrity": "sha512-2oNILP4jXwRB4ywnYKjVk1YyJ96n2D4EOVJO6S3oYZ5PtbJrw3Yt9TpAuX3nBLMuzn74rnfGQrv13pS9vC+YiA==",
      "dev": true,
      "license": "MIT"
    },
    "node_modules/random": {
      "version": "4.1.0",
      "resolved": "https://registry.npmjs.org/random/-/random-4.1.0.tgz",
      "integrity": "sha512-6Ajb7XmMSE9EFAMGC3kg9mvE7fGlBip25mYYuSMzw/uUSrmGilvZo2qwX3RnTRjwXkwkS+4swse9otZ92VjAtQ==",
      "license": "MIT",
      "dependencies": {
        "seedrandom": "^3.0.5"
      },
      "engines": {
        "node": ">=14"
      }
    },
    "node_modules/rc": {
      "version": "1.2.8",
      "resolved": "https://registry.npmjs.org/rc/-/rc-1.2.8.tgz",
      "integrity": "sha512-y3bGgqKj3QBdxLbLkomlohkvsA8gdAiUQlSBJnBhfn+BPxg4bc62d8TcBW15wavDfgexCgccckhcZvywyQYPOw==",
      "dev": true,
      "license": "(BSD-2-Clause OR MIT OR Apache-2.0)",
      "dependencies": {
        "deep-extend": "^0.6.0",
        "ini": "~1.3.0",
        "minimist": "^1.2.0",
        "strip-json-comments": "~2.0.1"
      },
      "bin": {
        "rc": "cli.js"
      }
    },
    "node_modules/require-directory": {
      "version": "2.1.1",
      "resolved": "https://registry.npmjs.org/require-directory/-/require-directory-2.1.1.tgz",
      "integrity": "sha512-fGxEI7+wsG9xrvdjsrlmL22OMTTiHRwAMroiEeMgq8gzoLC/PQr7RsRDSTLUg/bZAZtF+TVIkHc6/4RIKrui+Q==",
      "dev": true,
      "license": "MIT",
      "engines": {
        "node": ">=0.10.0"
      }
    },
    "node_modules/seedrandom": {
      "version": "3.0.5",
      "resolved": "https://registry.npmjs.org/seedrandom/-/seedrandom-3.0.5.tgz",
      "integrity": "sha512-8OwmbklUNzwezjGInmZ+2clQmExQPvomqjL7LFqOYqtmuxRgQYqOD3mHaU+MvZn5FLUeVxVfQjwLZW/n/JFuqg==",
      "license": "MIT"
    },
    "node_modules/semver": {
      "version": "7.8.5",
      "resolved": "https://registry.npmjs.org/semver/-/semver-7.8.5.tgz",
      "integrity": "sha512-Y7/KDsb8LjooZpwaqGyulO6DQlksgCncchHGk+sZIY4SBvUocMBEFH5Ur1fI4dV+Jvl0w6cjvucaIi40puRioA==",
      "dev": true,
      "license": "ISC",
      "bin": {
        "semver": "bin/semver.js"
      },
      "engines": {
        "node": ">=10"
      }
    },
    "node_modules/string-width": {
      "version": "4.2.3",
      "resolved": "https://registry.npmjs.org/string-width/-/string-width-4.2.3.tgz",
      "integrity": "sha512-wKyQRQpjJ0sIp62ErSZdGsjMJWsap5oRNihHhu6G7JVO/9jIB6UyevL+tXuOqrng8j/cxKTWyWUwvSTriiZz/g==",
      "dev": true,
      "license": "MIT",
      "dependencies": {
        "emoji-regex": "^8.0.0",
        "is-fullwidth-code-point": "^3.0.0",
        "strip-ansi": "^6.0.1"
      },
      "engines": {
        "node": ">=8"
      }
    },
    "node_modules/strip-ansi": {
      "version": "6.0.1",
      "resolved": "https://registry.npmjs.org/strip-ansi/-/strip-ansi-6.0.1.tgz",
      "integrity": "sha512-Y38VPSHcqkFrCpFnQ9vuSXmquuv5oXOKpGeT6aGrr3o3Gc9AlVa6JBfUSOCnbxGGZF+/0ooI7KrPuUSztUdU5A==",
      "dev": true,
      "license": "MIT",
      "dependencies": {
        "ansi-regex": "^5.0.1"
      },
      "engines": {
        "node": ">=8"
      }
    },
    "node_modules/strip-json-comments": {
      "version": "2.0.1",
      "resolved": "https://registry.npmjs.org/strip-json-comments/-/strip-json-comments-2.0.1.tgz",
      "integrity": "sha512-4gB8na07fecVVkOI6Rs4e7T6NOTki5EmL7TUduTs6bu3EdnSycntVJ4re8kgZA+wx9IueI2Y11bfbgwtzuE0KQ==",
      "dev": true,
      "license": "MIT",
      "engines": {
        "node": ">=0.10.0"
      }
    },
    "node_modules/tar": {
      "version": "7.5.22",
      "resolved": "https://registry.npmjs.org/tar/-/tar-7.5.22.tgz",
      "integrity": "sha512-MFO/QzvtAOmJbkhOaCTvbGcFN9L9b+JunIsDwaKljSOdcLMea3NJ1k9Usz/rjdfSXTq4dfzfeS7W4p4YOAAHeA==",
      "dev": true,
      "license": "BlueOak-1.0.0",
      "dependencies": {
        "@isaacs/fs-minipass": "^4.0.0",
        "chownr": "^3.0.0",
        "minipass": "^7.1.2",
        "minizlib": "^3.1.0",
        "yallist": "^5.0.0"
      },
      "engines": {
        "node": ">=18"
      }
    },
    "node_modules/tslib": {
      "version": "2.8.1",
      "resolved": "https://registry.npmjs.org/tslib/-/tslib-2.8.1.tgz",
      "integrity": "sha512-oJFu94HQb+KVduSUQL7wnpmqnfmLsOA/nAh6b6EH0wCEoK0/mPeXU6c3wKDV83MkOuHPRHtSXKKU99IBazS/2w==",
      "dev": true,
      "license": "0BSD"
    },
    "node_modules/typescript": {
      "version": "5.9.3",
      "resolved": "https://registry.npmjs.org/typescript/-/typescript-5.9.3.tgz",
      "integrity": "sha512-jl1vZzPDinLr9eUt3J/t7V6FgNEw9QjvBPdysz9KfQDD41fQrC2Y4vKQdiaUpFT4bXlb1RHhLpp8wtm6M5TgSw==",
      "dev": true,
      "license": "Apache-2.0",
      "bin": {
        "tsc": "bin/tsc",
        "tsserver": "bin/tsserver"
      },
      "engines": {
        "node": ">=14.17"
      }
    },
    "node_modules/undici-types": {
      "version": "7.18.2",
      "resolved": "https://registry.npmjs.org/undici-types/-/undici-types-7.18.2.tgz",
      "integrity": "sha512-AsuCzffGHJybSaRrmr5eHr81mwJU3kjw6M+uprWvCXiNeN9SOGwQ3Jn8jb8m3Z6izVgknn1R0FTCEAP2QrLY/w==",
      "dev": true,
      "license": "MIT"
    },
    "node_modules/universalify": {
      "version": "2.0.1",
      "resolved": "https://registry.npmjs.org/universalify/-/universalify-2.0.1.tgz",
      "integrity": "sha512-gptHNQghINnc/vTGIk0SOFGFNXw7JVrlRUtConJRlvaw6DuX0wO5Jeko9sWrMBhh+PsYAZ7oXAiOnf/UKogyiw==",
      "dev": true,
      "license": "MIT",
      "engines": {
        "node": ">= 10.0.0"
      }
    },
    "node_modules/url-join": {
      "version": "4.0.1",
      "resolved": "https://registry.npmjs.org/url-join/-/url-join-4.0.1.tgz",
      "integrity": "sha512-jk1+QP6ZJqyOiuEI9AEWQfju/nB2Pw466kbA0LEZljHwKeMgd9WrAEgEGxjPDD2+TNbbb37rTyhEfrCXfuKXnA==",
      "dev": true,
      "license": "MIT"
    },
    "node_modules/which": {
      "version": "6.0.1",
      "resolved": "https://registry.npmjs.org/which/-/which-6.0.1.tgz",
      "integrity": "sha512-oGLe46MIrCRqX7ytPUf66EAYvdeMIZYn3WaocqqKZAxrBpkqHfL/qvTyJ/bTk5+AqHCjXmrv3CEWgy368zhRUg==",
      "dev": true,
      "license": "ISC",
      "dependencies": {
        "isexe": "^4.0.0"
      },
      "bin": {
        "node-which": "bin/which.js"
      },
      "engines": {
        "node": "^20.17.0 || >=22.9.0"
      }
    },
    "node_modules/wrap-ansi": {
      "version": "7.0.0",
      "resolved": "https://registry.npmjs.org/wrap-ansi/-/wrap-ansi-7.0.0.tgz",
      "integrity": "sha512-YVGIj2kamLSTxw6NsZjoBxfSwsn0ycdesmc4p+Q21c5zPuZ1pl+NfxVdxPtdHvmNVOQ6XSYG4AUtyt/Fi7D16Q==",
      "dev": true,
      "license": "MIT",
      "dependencies": {
        "ansi-styles": "^4.0.0",
        "string-width": "^4.1.0",
        "strip-ansi": "^6.0.0"
      },
      "engines": {
        "node": ">=10"
      },
      "funding": {
        "url": "https://github.com/chalk/wrap-ansi?sponsor=1"
      }
    },
    "node_modules/y18n": {
      "version": "5.0.8",
      "resolved": "https://registry.npmjs.org/y18n/-/y18n-5.0.8.tgz",
      "integrity": "sha512-0pfFzegeDWJHJIAmTLRP2DwHjdF5s7jo9tuztdQxAhINCdvS+3nGINqPd00AphqJR/0LhANUS6/+7SCb98YOfA==",
      "dev": true,
      "license": "ISC",
      "engines": {
        "node": ">=10"
      }
    },
    "node_modules/yallist": {
      "version": "5.0.0",
      "resolved": "https://registry.npmjs.org/yallist/-/yallist-5.0.0.tgz",
      "integrity": "sha512-YgvUTfwqyc7UXVMrB+SImsVYSmTS8X/tSrtdNZMImM+n7+QTriRXyXim0mBrTXNeqzVF0KWGgHPeiyViFFrNDw==",
      "dev": true,
      "license": "BlueOak-1.0.0",
      "engines": {
        "node": ">=18"
      }
    },
    "node_modules/yargs": {
      "version": "17.7.3",
      "resolved": "https://registry.npmjs.org/yargs/-/yargs-17.7.3.tgz",
      "integrity": "sha512-GZtjxm/J/4TSxuL3FNYjCmLktBTnIw/rVmKSIyKeYAZpmJB2ig9VauCC5xsa82GNKVKDAqpOn3KVzNt0zmrU0g==",
      "dev": true,
      "license": "MIT",
      "dependencies": {
        "cliui": "^8.0.1",
        "escalade": "^3.1.1",
        "get-caller-file": "^2.0.5",
        "require-directory": "^2.1.1",
        "string-width": "^4.2.3",
        "y18n": "^5.0.5",
        "yargs-parser": "^21.1.1"
      },
      "engines": {
        "node": ">=12"
      }
    },
    "node_modules/yargs-parser": {
      "version": "21.1.1",
      "resolved": "https://registry.npmjs.org/yargs-parser/-/yargs-parser-21.1.1.tgz",
      "integrity": "sha512-tVpsJW7DdjecAiFpbIB1e3qxIQsE6NoPc5/eTdrbbIC4h0LVsWhnoa3g+m2HclBIujHzsxZ4VJVA+GUuc2/LBw==",
      "dev": true,
      "license": "ISC",
      "engines": {
        "node": ">=12"
      }
    }
  }
}
